
Microsoft Visual Studio Solution File, Format Version 12.00
# Visual Studio Version 17
VisualStudioVersion = 17.8.34525.116
MinimumVisualStudioVersion = 10.0.40219.1
Project("{FAE04EC0-301F-11D3-BF4B-00C04F79EFBC}") = "WebApplication2", "WebApplication2\WebApplication2.csproj", "{A1EBC088-5F96-4E87-ABCC-AC187B12A909}"
EndProject
Global
	GlobalSection(SolutionConfigurationPlatforms) = preSolution
		Debug|Any CPU = Debug|Any CPU
		Release|Any CPU = Release|Any CPU
	EndGlobalSection
	GlobalSection(ProjectConfigurationPlatforms) = postSolution
		{A1EBC088-5F96-4E87-ABCC-AC187B12A909}.Debug|Any CPU.ActiveCfg = Debug|Any CPU
		{A1EBC088-5F96-4E87-ABCC-AC187B12A909}.Debug|Any CPU.Build.0 = Debug|Any CPU
		{A1EBC088-5F96-4E87-ABCC-AC187B12A909}.Release|Any CPU.ActiveCfg = Release|Any CPU
		{A1EBC088-5F96-4E87-ABCC-AC187B12A909}.Release|Any CPU.Build.0 = Release|Any CPU
	EndGlobalSection
	GlobalSection(SolutionProperties) = preSolution
		HideSolutionNode = FALSE
	EndGlobalSection
	GlobalSection(ExtensibilityGlobals) = postSolution
		SolutionGuid = {BD033503-8A04-4AB2-8BF5-958250285D85}
	EndGlobalSection
EndGlobal
